
Microsoft Visual Studio Solution File, Format Version 12.00
# Visual Studio Version 17
VisualStudioVersion = 17.4.33213.308
MinimumVisualStudioVersion = 10.0.40219.1
Project("{9A19103F-16F7-4668-BE54-9A1E7A4F7556}") = "ColoredMeditateArrows", "ColoredMeditateArrows.csproj", "{C22858A5-9937-4AB9-BCFD-6077234C1D89}"
EndProject
Global
	GlobalSection(SolutionConfigurationPlatforms) = preSolution
		Debug|Any CPU = Debug|Any CPU
		Release|Any CPU = Release|Any CPU
	EndGlobalSection
	GlobalSection(ProjectConfigurationPlatforms) = postSolution
		{C22858A5-9937-4AB9-BCFD-6077234C1D89}.Debug|Any CPU.ActiveCfg = Debug|Any CPU
		{C22858A5-9937-4AB9-BCFD-6077234C1D89}.Debug|Any CPU.Build.0 = Debug|Any CPU
		{C22858A5-9937-4AB9-BCFD-6077234C1D89}.Release|Any CPU.ActiveCfg = Release|Any CPU
		{C22858A5-9937-4AB9-BCFD-6077234C1D89}.Release|Any CPU.Build.0 = Release|Any CPU
	EndGlobalSection
	GlobalSection(SolutionProperties) = preSolution
		HideSolutionNode = FALSE
	EndGlobalSection
	GlobalSection(ExtensibilityGlobals) = postSolution
		SolutionGuid = {723CC10C-C789-4081-87F2-2DFFEEF46EE1}
	EndGlobalSection
EndGlobal
